
Microsoft Visual Studio Solution File, Format Version 12.00
# Visual Studio Version 17
VisualStudioVersion = 17.4.33122.133
MinimumVisualStudioVersion = 10.0.40219.1
Project("{FAE04EC0-301F-11D3-BF4B-00C04F79EFBC}") = "Ders.Printer", "src\Ders.Printer.csproj", "{B846A2FE-7490-4120-A5DE-55ADFA90D6B2}"
EndProject
Project("{2150E333-8FDC-42A3-9474-1A3956D46DE8}") = "src", "src", "{F6D259DF-8FF6-4D9F-B53B-6471FE7B9372}"
EndProject
Global
	GlobalSection(SolutionConfigurationPlatforms) = preSolution
		Debug|Any CPU = Debug|Any CPU
		Release|Any CPU = Release|Any CPU
	EndGlobalSection
	GlobalSection(ProjectConfigurationPlatforms) = postSolution
		{B846A2FE-7490-4120-A5DE-55ADFA90D6B2}.Debug|Any CPU.ActiveCfg = Debug|Any CPU
		{B846A2FE-7490-4120-A5DE-55ADFA90D6B2}.Debug|Any CPU.Build.0 = Debug|Any CPU
		{B846A2FE-7490-4120-A5DE-55ADFA90D6B2}.Release|Any CPU.ActiveCfg = Release|Any CPU
		{B846A2FE-7490-4120-A5DE-55ADFA90D6B2}.Release|Any CPU.Build.0 = Release|Any CPU
	EndGlobalSection
	GlobalSection(SolutionProperties) = preSolution
		HideSolutionNode = FALSE
	EndGlobalSection
	GlobalSection(NestedProjects) = preSolution
		{B846A2FE-7490-4120-A5DE-55ADFA90D6B2} = {F6D259DF-8FF6-4D9F-B53B-6471FE7B9372}
	EndGlobalSection
	GlobalSection(ExtensibilityGlobals) = postSolution
		SolutionGuid = {338469FB-3950-4404-923A-963EE311F3DB}
	EndGlobalSection
EndGlobal
